github.com/NEkaterinaVA/greetings v0.0.0-20250114174201-ea5b9a6ddb03 h1:CWnPndEiqW2M3Jj9sXpHctzAHkFdrz3Ud0CE5GsLRNc=
github.com/NEkaterinaVA/greetings v0.0.0-20250114174201-ea5b9a6ddb03/go.mod h1:QbXJddvyozLpW2xOdMEOT89VtCVfjQGs7bpipbP0sUU=
github.com/NEkaterinaVA/greetings v0.0.0-20250117160641-f556714a78ae h1:49CSjbs+J84J0g1w7AIugvH2+a3EAOcKnROXfZ/XDzI=
github.com/NEkaterinaVA/greetings v0.0.0-20250117160641-f556714a78ae/go.mod h1:QbXJddvyozLpW2xOdMEOT89VtCVfjQGs7bpipbP0sUU=
